
Microsoft Visual Studio Solution File, Format Version 12.00
Project("{2150E333-8FDC-42A3-9474-1A3956D46DE8}") = "src", "src", "{ACE6D37F-AAAE-4068-B991-B7C4BEF77336}"
EndProject
Project("{2150E333-8FDC-42A3-9474-1A3956D46DE8}") = "services", "services", "{BC6A57F0-2638-43EA-95C5-60373C271C8F}"
EndProject
Project("{2150E333-8FDC-42A3-9474-1A3956D46DE8}") = "catalog", "catalog", "{E98AD1FC-5E62-4347-BFE4-B1D573817276}"
EndProject
Project("{FAE04EC0-301F-11D3-BF4B-00C04F79EFBC}") = "EduPlatform.Catalog.API", "src\services\EduPlatform.Catalog.API\EduPlatform.Catalog.API.csproj", "{17EE83FB-72DC-4932-BDEE-E12CE6E5505A}"
EndProject
Project("{2150E333-8FDC-42A3-9474-1A3956D46DE8}") = "Solution Items", "Solution Items", "{EB132DFF-C8B7-4CF0-BCD7-3BA8FB4AF214}"
	ProjectSection(SolutionItems) = preProject
		compose.yaml = compose.yaml
		.env = .env
	EndProjectSection
EndProject
Project("{2150E333-8FDC-42A3-9474-1A3956D46DE8}") = "shared", "shared", "{3AF462C6-BC25-4AA9-8806-DDEBAD1B83E0}"
EndProject
Project("{FAE04EC0-301F-11D3-BF4B-00C04F79EFBC}") = "EduPlatform.Shared", "src\shared\EduPlatform.Shared\EduPlatform.Shared.csproj", "{D97ABE0F-FE73-467C-8866-E6A49993E799}"
EndProject
Project("{2150E333-8FDC-42A3-9474-1A3956D46DE8}") = "basket", "basket", "{9EBDE0FB-433A-483D-98F4-B7B40070A587}"
EndProject
Project("{FAE04EC0-301F-11D3-BF4B-00C04F79EFBC}") = "EduPlatform.Basket.API", "src\services\EduPlatform.Basket.API\EduPlatform.Basket.API.csproj", "{DF7872F1-15EE-4396-91AE-20B6361B3DF8}"
EndProject
Project("{2150E333-8FDC-42A3-9474-1A3956D46DE8}") = "discount", "discount", "{16E6ACAB-A80D-4A46-B24F-23B121369618}"
EndProject
Project("{FAE04EC0-301F-11D3-BF4B-00C04F79EFBC}") = "EduPlatform.Discount.API", "src\services\EduPlatform.Discount.API\EduPlatform.Discount.API.csproj", "{4063A8C4-4841-41FA-BC17-02BDB0A44103}"
EndProject
Project("{2150E333-8FDC-42A3-9474-1A3956D46DE8}") = "file", "file", "{2A76193E-47DC-4013-9614-F8B2DEAB3AF2}"
EndProject
Project("{FAE04EC0-301F-11D3-BF4B-00C04F79EFBC}") = "EduPlatform.File.API", "src\services\EduPlatform.File.API\EduPlatform.File.API.csproj", "{7B086BC4-C4E0-4C43-978E-9939CD6814D1}"
EndProject
Project("{2150E333-8FDC-42A3-9474-1A3956D46DE8}") = "order", "order", "{6836797D-F64A-4CC3-93F9-CC866F1E5371}"
EndProject
Project("{2150E333-8FDC-42A3-9474-1A3956D46DE8}") = "api", "api", "{07F48B4F-B0FB-425A-9354-F28515E78FCA}"
EndProject
Project("{2150E333-8FDC-42A3-9474-1A3956D46DE8}") = "core", "core", "{B15DCB15-DA1F-4045-9F8D-EA1A42E59D2A}"
EndProject
Project("{2150E333-8FDC-42A3-9474-1A3956D46DE8}") = "infrastructure", "infrastructure", "{40B68F18-FEF2-4ABC-9A54-C5D834664139}"
EndProject
Project("{FAE04EC0-301F-11D3-BF4B-00C04F79EFBC}") = "EduPlatform.Order.API", "src\services\EduPlatform.Order.API\EduPlatform.Order.API.csproj", "{62695819-A3F5-4913-BBFA-2D68A893EC74}"
EndProject
Project("{FAE04EC0-301F-11D3-BF4B-00C04F79EFBC}") = "EduPlatform.Order.Application", "src\services\EduPlatform.Order.Application\EduPlatform.Order.Application.csproj", "{A2B298A5-F08E-433A-9A29-F44534327518}"
EndProject
Project("{FAE04EC0-301F-11D3-BF4B-00C04F79EFBC}") = "EduPlatform.Order.Domain", "src\services\EduPlatform.Order.Domain\EduPlatform.Order.Domain.csproj", "{C43D832A-56F9-4256-9125-DBE2FC2BE6BF}"
EndProject
Project("{FAE04EC0-301F-11D3-BF4B-00C04F79EFBC}") = "EduPlatform.Order.Persistence", "src\services\EduPlatform.Order.Persistence\EduPlatform.Order.Persistence.csproj", "{9E3F7E98-9DC9-464C-B9CF-412CC38F856F}"
EndProject
Project("{2150E333-8FDC-42A3-9474-1A3956D46DE8}") = "payment", "payment", "{AA9D6CFD-FD02-4BB8-BBF2-8C3FF4E25BA8}"
EndProject
Project("{FAE04EC0-301F-11D3-BF4B-00C04F79EFBC}") = "EduPlatform.Payment.API", "src\services\EduPlatform.Payment.API\EduPlatform.Payment.API.csproj", "{8F99E42D-AF60-41DA-BA8A-ABCC2B0299F6}"
EndProject
Project("{2150E333-8FDC-42A3-9474-1A3956D46DE8}") = "gateway", "gateway", "{35CBD244-1CF8-4A73-AA8C-C0C4111970A8}"
EndProject
Project("{FAE04EC0-301F-11D3-BF4B-00C04F79EFBC}") = "EduPlatform.Gateway", "src\services\EduPlatform.Gateway\EduPlatform.Gateway.csproj", "{429F5E86-8679-4B87-9692-A5C63155F8B4}"
EndProject
Global
	GlobalSection(SolutionConfigurationPlatforms) = preSolution
		Debug|Any CPU = Debug|Any CPU
		Release|Any CPU = Release|Any CPU
	EndGlobalSection
	GlobalSection(NestedProjects) = preSolution
		{BC6A57F0-2638-43EA-95C5-60373C271C8F} = {ACE6D37F-AAAE-4068-B991-B7C4BEF77336}
		{E98AD1FC-5E62-4347-BFE4-B1D573817276} = {BC6A57F0-2638-43EA-95C5-60373C271C8F}
		{17EE83FB-72DC-4932-BDEE-E12CE6E5505A} = {E98AD1FC-5E62-4347-BFE4-B1D573817276}
		{3AF462C6-BC25-4AA9-8806-DDEBAD1B83E0} = {ACE6D37F-AAAE-4068-B991-B7C4BEF77336}
		{D97ABE0F-FE73-467C-8866-E6A49993E799} = {3AF462C6-BC25-4AA9-8806-DDEBAD1B83E0}
		{9EBDE0FB-433A-483D-98F4-B7B40070A587} = {BC6A57F0-2638-43EA-95C5-60373C271C8F}
		{DF7872F1-15EE-4396-91AE-20B6361B3DF8} = {9EBDE0FB-433A-483D-98F4-B7B40070A587}
		{16E6ACAB-A80D-4A46-B24F-23B121369618} = {BC6A57F0-2638-43EA-95C5-60373C271C8F}
		{4063A8C4-4841-41FA-BC17-02BDB0A44103} = {16E6ACAB-A80D-4A46-B24F-23B121369618}
		{2A76193E-47DC-4013-9614-F8B2DEAB3AF2} = {BC6A57F0-2638-43EA-95C5-60373C271C8F}
		{7B086BC4-C4E0-4C43-978E-9939CD6814D1} = {2A76193E-47DC-4013-9614-F8B2DEAB3AF2}
		{6836797D-F64A-4CC3-93F9-CC866F1E5371} = {BC6A57F0-2638-43EA-95C5-60373C271C8F}
		{07F48B4F-B0FB-425A-9354-F28515E78FCA} = {6836797D-F64A-4CC3-93F9-CC866F1E5371}
		{B15DCB15-DA1F-4045-9F8D-EA1A42E59D2A} = {6836797D-F64A-4CC3-93F9-CC866F1E5371}
		{40B68F18-FEF2-4ABC-9A54-C5D834664139} = {6836797D-F64A-4CC3-93F9-CC866F1E5371}
		{62695819-A3F5-4913-BBFA-2D68A893EC74} = {07F48B4F-B0FB-425A-9354-F28515E78FCA}
		{A2B298A5-F08E-433A-9A29-F44534327518} = {B15DCB15-DA1F-4045-9F8D-EA1A42E59D2A}
		{C43D832A-56F9-4256-9125-DBE2FC2BE6BF} = {B15DCB15-DA1F-4045-9F8D-EA1A42E59D2A}
		{9E3F7E98-9DC9-464C-B9CF-412CC38F856F} = {40B68F18-FEF2-4ABC-9A54-C5D834664139}
		{AA9D6CFD-FD02-4BB8-BBF2-8C3FF4E25BA8} = {BC6A57F0-2638-43EA-95C5-60373C271C8F}
		{8F99E42D-AF60-41DA-BA8A-ABCC2B0299F6} = {AA9D6CFD-FD02-4BB8-BBF2-8C3FF4E25BA8}
		{35CBD244-1CF8-4A73-AA8C-C0C4111970A8} = {BC6A57F0-2638-43EA-95C5-60373C271C8F}
		{429F5E86-8679-4B87-9692-A5C63155F8B4} = {35CBD244-1CF8-4A73-AA8C-C0C4111970A8}
	EndGlobalSection
	GlobalSection(ProjectConfigurationPlatforms) = postSolution
		{17EE83FB-72DC-4932-BDEE-E12CE6E5505A}.Debug|Any CPU.ActiveCfg = Debug|Any CPU
		{17EE83FB-72DC-4932-BDEE-E12CE6E5505A}.Debug|Any CPU.Build.0 = Debug|Any CPU
		{17EE83FB-72DC-4932-BDEE-E12CE6E5505A}.Release|Any CPU.ActiveCfg = Release|Any CPU
		{17EE83FB-72DC-4932-BDEE-E12CE6E5505A}.Release|Any CPU.Build.0 = Release|Any CPU
		{D97ABE0F-FE73-467C-8866-E6A49993E799}.Debug|Any CPU.ActiveCfg = Debug|Any CPU
		{D97ABE0F-FE73-467C-8866-E6A49993E799}.Debug|Any CPU.Build.0 = Debug|Any CPU
		{D97ABE0F-FE73-467C-8866-E6A49993E799}.Release|Any CPU.ActiveCfg = Release|Any CPU
		{D97ABE0F-FE73-467C-8866-E6A49993E799}.Release|Any CPU.Build.0 = Release|Any CPU
		{DF7872F1-15EE-4396-91AE-20B6361B3DF8}.Debug|Any CPU.ActiveCfg = Debug|Any CPU
		{DF7872F1-15EE-4396-91AE-20B6361B3DF8}.Debug|Any CPU.Build.0 = Debug|Any CPU
		{DF7872F1-15EE-4396-91AE-20B6361B3DF8}.Release|Any CPU.ActiveCfg = Release|Any CPU
		{DF7872F1-15EE-4396-91AE-20B6361B3DF8}.Release|Any CPU.Build.0 = Release|Any CPU
		{4063A8C4-4841-41FA-BC17-02BDB0A44103}.Debug|Any CPU.ActiveCfg = Debug|Any CPU
		{4063A8C4-4841-41FA-BC17-02BDB0A44103}.Debug|Any CPU.Build.0 = Debug|Any CPU
		{4063A8C4-4841-41FA-BC17-02BDB0A44103}.Release|Any CPU.ActiveCfg = Release|Any CPU
		{4063A8C4-4841-41FA-BC17-02BDB0A44103}.Release|Any CPU.Build.0 = Release|Any CPU
		{7B086BC4-C4E0-4C43-978E-9939CD6814D1}.Debug|Any CPU.ActiveCfg = Debug|Any CPU
		{7B086BC4-C4E0-4C43-978E-9939CD6814D1}.Debug|Any CPU.Build.0 = Debug|Any CPU
		{7B086BC4-C4E0-4C43-978E-9939CD6814D1}.Release|Any CPU.ActiveCfg = Release|Any CPU
		{7B086BC4-C4E0-4C43-978E-9939CD6814D1}.Release|Any CPU.Build.0 = Release|Any CPU
		{62695819-A3F5-4913-BBFA-2D68A893EC74}.Debug|Any CPU.ActiveCfg = Debug|Any CPU
		{62695819-A3F5-4913-BBFA-2D68A893EC74}.Debug|Any CPU.Build.0 = Debug|Any CPU
		{62695819-A3F5-4913-BBFA-2D68A893EC74}.Release|Any CPU.ActiveCfg = Release|Any CPU
		{62695819-A3F5-4913-BBFA-2D68A893EC74}.Release|Any CPU.Build.0 = Release|Any CPU
		{A2B298A5-F08E-433A-9A29-F44534327518}.Debug|Any CPU.ActiveCfg = Debug|Any CPU
		{A2B298A5-F08E-433A-9A29-F44534327518}.Debug|Any CPU.Build.0 = Debug|Any CPU
		{A2B298A5-F08E-433A-9A29-F44534327518}.Release|Any CPU.ActiveCfg = Release|Any CPU
		{A2B298A5-F08E-433A-9A29-F44534327518}.Release|Any CPU.Build.0 = Release|Any CPU
		{C43D832A-56F9-4256-9125-DBE2FC2BE6BF}.Debug|Any CPU.ActiveCfg = Debug|Any CPU
		{C43D832A-56F9-4256-9125-DBE2FC2BE6BF}.Debug|Any CPU.Build.0 = Debug|Any CPU
		{C43D832A-56F9-4256-9125-DBE2FC2BE6BF}.Release|Any CPU.ActiveCfg = Release|Any CPU
		{C43D832A-56F9-4256-9125-DBE2FC2BE6BF}.Release|Any CPU.Build.0 = Release|Any CPU
		{9E3F7E98-9DC9-464C-B9CF-412CC38F856F}.Debug|Any CPU.ActiveCfg = Debug|Any CPU
		{9E3F7E98-9DC9-464C-B9CF-412CC38F856F}.Debug|Any CPU.Build.0 = Debug|Any CPU
		{9E3F7E98-9DC9-464C-B9CF-412CC38F856F}.Release|Any CPU.ActiveCfg = Release|Any CPU
		{9E3F7E98-9DC9-464C-B9CF-412CC38F856F}.Release|Any CPU.Build.0 = Release|Any CPU
		{8F99E42D-AF60-41DA-BA8A-ABCC2B0299F6}.Debug|Any CPU.ActiveCfg = Debug|Any CPU
		{8F99E42D-AF60-41DA-BA8A-ABCC2B0299F6}.Debug|Any CPU.Build.0 = Debug|Any CPU
		{8F99E42D-AF60-41DA-BA8A-ABCC2B0299F6}.Release|Any CPU.ActiveCfg = Release|Any CPU
		{8F99E42D-AF60-41DA-BA8A-ABCC2B0299F6}.Release|Any CPU.Build.0 = Release|Any CPU
		{429F5E86-8679-4B87-9692-A5C63155F8B4}.Debug|Any CPU.ActiveCfg = Debug|Any CPU
		{429F5E86-8679-4B87-9692-A5C63155F8B4}.Debug|Any CPU.Build.0 = Debug|Any CPU
		{429F5E86-8679-4B87-9692-A5C63155F8B4}.Release|Any CPU.ActiveCfg = Release|Any CPU
		{429F5E86-8679-4B87-9692-A5C63155F8B4}.Release|Any CPU.Build.0 = Release|Any CPU
	EndGlobalSection
EndGlobal
